
Microsoft Visual Studio Solution File, Format Version 12.00
# Visual Studio Version 18
VisualStudioVersion = 18.1.11312.151
MinimumVisualStudioVersion = 10.0.40219.1
Project("{9A19103F-16F7-4668-BE54-9A1E7A4F7556}") = "CrosswordHelper.Api", "CrosswordHelper.Api\CrosswordHelper.Api.csproj", "{A27A3B6F-3D04-43C5-828E-C24548ADE879}"
EndProject
Project("{9A19103F-16F7-4668-BE54-9A1E7A4F7556}") = "CrosswordHelper.Data", "CrosswordHelper.Data\CrosswordHelper.Data.csproj", "{20420B2D-2EF0-4FAB-A714-0E11F7F07C9B}"
EndProject
Project("{9A19103F-16F7-4668-BE54-9A1E7A4F7556}") = "CrosswordHelper.Data.Postgres", "CrosswordHelper.Data.Postgres\CrosswordHelper.Data.Postgres.csproj", "{22DA02CA-092F-401B-8782-40AA02553AF9}"
EndProject
Project("{2150E333-8FDC-42A3-9474-1A3956D46DE8}") = "Solution Items", "Solution Items", "{C981FF10-8423-468E-B52E-3DEE01AC2D6B}"
	ProjectSection(SolutionItems) = preProject
		crossword_helper_db.bak = crossword_helper_db.bak
	EndProjectSection
EndProject
Project("{9A19103F-16F7-4668-BE54-9A1E7A4F7556}") = "CrosswordHelper.Data.Import", "CrosswordHelper.Data.Import\CrosswordHelper.Data.Import.csproj", "{A9323239-DAC3-439B-85EA-61BA4C8CFDB1}"
EndProject
Project("{FAE04EC0-301F-11D3-BF4B-00C04F79EFBC}") = "CrosswordHelper.Tests", "CrosswordHelper.Tests\CrosswordHelper.Tests.csproj", "{FB8B43BC-7BDF-4B4A-BD55-B39C5C9B9C75}"
EndProject
Project("{FAE04EC0-301F-11D3-BF4B-00C04F79EFBC}") = "CrosswordHelper.Data.Export", "CrosswordHelper.Data.Export\CrosswordHelper.Data.Export.csproj", "{CDB73F37-682E-4BB6-9297-BCE8037944C8}"
EndProject
Project("{FAE04EC0-301F-11D3-BF4B-00C04F79EFBC}") = "CrosswordHelper.Management.Api", "CrosswordHelper.Management.Api\CrosswordHelper.Management.Api.csproj", "{FACE4B99-9B14-414C-836F-1E2793568C4A}"
EndProject
Project("{FAE04EC0-301F-11D3-BF4B-00C04F79EFBC}") = "CrosswordHelper.Infrastructure", "CrosswordHelper.Infrastructure\CrosswordHelper.Infrastructure.csproj", "{7CE2FE0F-D21A-4ED6-919D-1C09FC7939A8}"
EndProject
Project("{FAE04EC0-301F-11D3-BF4B-00C04F79EFBC}") = "CrosswordHelper.Data.InMemory", "CrosswordHelper.Data.InMemory\CrosswordHelper.Data.InMemory.csproj", "{C7165BBA-59C5-4649-A1AC-6FEC78A8CA44}"
EndProject
Project("{FAE04EC0-301F-11D3-BF4B-00C04F79EFBC}") = "CrosswordHelper.Data.Cache", "CrosswordHelper.Data.Cache\CrosswordHelper.Data.Cache.csproj", "{CC2A1FB2-85DA-45D6-8807-868E4D74994A}"
EndProject
Global
	GlobalSection(SolutionConfigurationPlatforms) = preSolution
		Debug|Any CPU = Debug|Any CPU
		Release|Any CPU = Release|Any CPU
	EndGlobalSection
	GlobalSection(ProjectConfigurationPlatforms) = postSolution
		{A27A3B6F-3D04-43C5-828E-C24548ADE879}.Debug|Any CPU.ActiveCfg = Debug|Any CPU
		{A27A3B6F-3D04-43C5-828E-C24548ADE879}.Debug|Any CPU.Build.0 = Debug|Any CPU
		{A27A3B6F-3D04-43C5-828E-C24548ADE879}.Release|Any CPU.ActiveCfg = Release|Any CPU
		{A27A3B6F-3D04-43C5-828E-C24548ADE879}.Release|Any CPU.Build.0 = Release|Any CPU
		{20420B2D-2EF0-4FAB-A714-0E11F7F07C9B}.Debug|Any CPU.ActiveCfg = Debug|Any CPU
		{20420B2D-2EF0-4FAB-A714-0E11F7F07C9B}.Debug|Any CPU.Build.0 = Debug|Any CPU
		{20420B2D-2EF0-4FAB-A714-0E11F7F07C9B}.Release|Any CPU.ActiveCfg = Release|Any CPU
		{20420B2D-2EF0-4FAB-A714-0E11F7F07C9B}.Release|Any CPU.Build.0 = Release|Any CPU
		{22DA02CA-092F-401B-8782-40AA02553AF9}.Debug|Any CPU.ActiveCfg = Debug|Any CPU
		{22DA02CA-092F-401B-8782-40AA02553AF9}.Debug|Any CPU.Build.0 = Debug|Any CPU
		{22DA02CA-092F-401B-8782-40AA02553AF9}.Release|Any CPU.ActiveCfg = Release|Any CPU
		{22DA02CA-092F-401B-8782-40AA02553AF9}.Release|Any CPU.Build.0 = Release|Any CPU
		{A9323239-DAC3-439B-85EA-61BA4C8CFDB1}.Debug|Any CPU.ActiveCfg = Debug|Any CPU
		{A9323239-DAC3-439B-85EA-61BA4C8CFDB1}.Debug|Any CPU.Build.0 = Debug|Any CPU
		{A9323239-DAC3-439B-85EA-61BA4C8CFDB1}.Release|Any CPU.ActiveCfg = Release|Any CPU
		{A9323239-DAC3-439B-85EA-61BA4C8CFDB1}.Release|Any CPU.Build.0 = Release|Any CPU
		{FB8B43BC-7BDF-4B4A-BD55-B39C5C9B9C75}.Debug|Any CPU.ActiveCfg = Debug|Any CPU
		{FB8B43BC-7BDF-4B4A-BD55-B39C5C9B9C75}.Debug|Any CPU.Build.0 = Debug|Any CPU
		{FB8B43BC-7BDF-4B4A-BD55-B39C5C9B9C75}.Release|Any CPU.ActiveCfg = Release|Any CPU
		{FB8B43BC-7BDF-4B4A-BD55-B39C5C9B9C75}.Release|Any CPU.Build.0 = Release|Any CPU
		{CDB73F37-682E-4BB6-9297-BCE8037944C8}.Debug|Any CPU.ActiveCfg = Debug|Any CPU
		{CDB73F37-682E-4BB6-9297-BCE8037944C8}.Debug|Any CPU.Build.0 = Debug|Any CPU
		{CDB73F37-682E-4BB6-9297-BCE8037944C8}.Release|Any CPU.ActiveCfg = Release|Any CPU
		{CDB73F37-682E-4BB6-9297-BCE8037944C8}.Release|Any CPU.Build.0 = Release|Any CPU
		{FACE4B99-9B14-414C-836F-1E2793568C4A}.Debug|Any CPU.ActiveCfg = Debug|Any CPU
		{FACE4B99-9B14-414C-836F-1E2793568C4A}.Debug|Any CPU.Build.0 = Debug|Any CPU
		{FACE4B99-9B14-414C-836F-1E2793568C4A}.Release|Any CPU.ActiveCfg = Release|Any CPU
		{FACE4B99-9B14-414C-836F-1E2793568C4A}.Release|Any CPU.Build.0 = Release|Any CPU
		{7CE2FE0F-D21A-4ED6-919D-1C09FC7939A8}.Debug|Any CPU.ActiveCfg = Debug|Any CPU
		{7CE2FE0F-D21A-4ED6-919D-1C09FC7939A8}.Debug|Any CPU.Build.0 = Debug|Any CPU
		{7CE2FE0F-D21A-4ED6-919D-1C09FC7939A8}.Release|Any CPU.ActiveCfg = Release|Any CPU
		{7CE2FE0F-D21A-4ED6-919D-1C09FC7939A8}.Release|Any CPU.Build.0 = Release|Any CPU
		{C7165BBA-59C5-4649-A1AC-6FEC78A8CA44}.Debug|Any CPU.ActiveCfg = Debug|Any CPU
		{C7165BBA-59C5-4649-A1AC-6FEC78A8CA44}.Debug|Any CPU.Build.0 = Debug|Any CPU
		{C7165BBA-59C5-4649-A1AC-6FEC78A8CA44}.Release|Any CPU.ActiveCfg = Release|Any CPU
		{C7165BBA-59C5-4649-A1AC-6FEC78A8CA44}.Release|Any CPU.Build.0 = Release|Any CPU
		{CC2A1FB2-85DA-45D6-8807-868E4D74994A}.Debug|Any CPU.ActiveCfg = Debug|Any CPU
		{CC2A1FB2-85DA-45D6-8807-868E4D74994A}.Debug|Any CPU.Build.0 = Debug|Any CPU
		{CC2A1FB2-85DA-45D6-8807-868E4D74994A}.Release|Any CPU.ActiveCfg = Release|Any CPU
		{CC2A1FB2-85DA-45D6-8807-868E4D74994A}.Release|Any CPU.Build.0 = Release|Any CPU
	EndGlobalSection
	GlobalSection(SolutionProperties) = preSolution
		HideSolutionNode = FALSE
	EndGlobalSection
	GlobalSection(ExtensibilityGlobals) = postSolution
		SolutionGuid = {B04B3FBF-111E-4879-89CB-3C04F71A9FE6}
	EndGlobalSection
EndGlobal
